Microsoft Visual Studio Solution File, Format Version 7.00
Project("{FAE04EC0-301F-11D3-BF4B-00C04F79EFBC}") = "Perst.NET", "Perst.NET.csproj", "{1FF2E6AE-B540-4EA9-BD18-5F077EE61291}"
EndProject
Project("{FAE04EC0-301F-11D3-BF4B-00C04F79EFBC}") = "Guess", "Guess\Guess.csproj", "{6082AFF2-5525-4957-8741-5F63D35D5EEB}"
EndProject
Project("{FAE04EC0-301F-11D3-BF4B-00C04F79EFBC}") = "TestIndex", "TestIndex\TestIndex.csproj", "{C5117801-7766-4B0B-A0E5-BA2BAB968072}"
EndProject
Global
	GlobalSection(SolutionConfiguration) = preSolution
		ConfigName.0 = Debug
		ConfigName.1 = Release
	EndGlobalSection
	GlobalSection(ProjectDependencies) = postSolution
		{6082AFF2-5525-4957-8741-5F63D35D5EEB}.0 = {1FF2E6AE-B540-4EA9-BD18-5F077EE61291}
		{C5117801-7766-4B0B-A0E5-BA2BAB968072}.0 = {1FF2E6AE-B540-4EA9-BD18-5F077EE61291}
	EndGlobalSection
	GlobalSection(ProjectConfiguration) = postSolution
		{1FF2E6AE-B540-4EA9-BD18-5F077EE61291}.Debug.ActiveCfg = Debug|.NET
		{1FF2E6AE-B540-4EA9-BD18-5F077EE61291}.Debug.Build.0 = Debug|.NET
		{1FF2E6AE-B540-4EA9-BD18-5F077EE61291}.Release.ActiveCfg = Release|.NET
		{1FF2E6AE-B540-4EA9-BD18-5F077EE61291}.Release.Build.0 = Release|.NET
		{6082AFF2-5525-4957-8741-5F63D35D5EEB}.Debug.ActiveCfg = Debug|.NET
		{6082AFF2-5525-4957-8741-5F63D35D5EEB}.Debug.Build.0 = Debug|.NET
		{6082AFF2-5525-4957-8741-5F63D35D5EEB}.Release.ActiveCfg = Release|.NET
		{6082AFF2-5525-4957-8741-5F63D35D5EEB}.Release.Build.0 = Release|.NET
		{C5117801-7766-4B0B-A0E5-BA2BAB968072}.Debug.ActiveCfg = Debug|.NET
		{C5117801-7766-4B0B-A0E5-BA2BAB968072}.Debug.Build.0 = Debug|.NET
		{C5117801-7766-4B0B-A0E5-BA2BAB968072}.Release.ActiveCfg = Release|.NET
		{C5117801-7766-4B0B-A0E5-BA2BAB968072}.Release.Build.0 = Release|.NET
	EndGlobalSection
	GlobalSection(ExtensibilityGlobals) = postSolution
	EndGlobalSection
	GlobalSection(ExtensibilityAddIns) = postSolution
	EndGlobalSection
EndGlobal
