Microsoft Visual Studio Solution File, Format Version 8.00
Project("{20D4826A-C6FA-45DB-90F4-C717570B9F32}") = "Perst.NET", "Perst.NET.csdproj", "{DEBB572F-D270-433F-AADF-EA80B483BFE8}"
	ProjectSection(ProjectDependencies) = postProject
	EndProjectSection
EndProject
Project("{20D4826A-C6FA-45DB-90F4-C717570B9F32}") = "TestIndex", "TestIndex\TestIndex.csdproj", "{6D340671-DF42-4B44-888D-35F15258685D}"
	ProjectSection(ProjectDependencies) = postProject
		{DEBB572F-D270-433F-AADF-EA80B483BFE8} = {DEBB572F-D270-433F-AADF-EA80B483BFE8}
	EndProjectSection
EndProject
Project("{20D4826A-C6FA-45DB-90F4-C717570B9F32}") = "Guess", "Guess\Guess.csdproj", "{6ED3F61C-0E64-43BD-8030-DBC3BA80FB12}"
	ProjectSection(ProjectDependencies) = postProject
	EndProjectSection
EndProject
Project("{20D4826A-C6FA-45DB-90F4-C717570B9F32}") = "TestXML", "TestXML\TestXML.csdproj", "{7D7B2D30-EA1F-4454-BF29-C0934FA605E3}"
	ProjectSection(ProjectDependencies) = postProject
	EndProjectSection
EndProject
Project("{20D4826A-C6FA-45DB-90F4-C717570B9F32}") = "TestLink", "TestLink\TestLink.csdproj", "{65643720-5963-4B3F-8FB9-3ECDC6057D1E}"
	ProjectSection(ProjectDependencies) = postProject
	EndProjectSection
EndProject
Project("{20D4826A-C6FA-45DB-90F4-C717570B9F32}") = "TestConcur", "TestConcur\TestConcur.csdproj", "{AC03BC4A-64DB-40A8-B3BA-B7C6DBBC4060}"
	ProjectSection(ProjectDependencies) = postProject
	EndProjectSection
EndProject
Project("{20D4826A-C6FA-45DB-90F4-C717570B9F32}") = "TestGC", "TestGC\TestGC.csdproj", "{DFEAF29C-F3BB-4179-89D3-2305E7278206}"
	ProjectSection(ProjectDependencies) = postProject
	EndProjectSection
EndProject
Project("{20D4826A-C6FA-45DB-90F4-C717570B9F32}") = "TestRtree", "TestRtree\TestRtree.csdproj", "{22614263-86CA-46D2-A708-412A5F573871}"
	ProjectSection(ProjectDependencies) = postProject
	EndProjectSection
EndProject
Project("{20D4826A-C6FA-45DB-90F4-C717570B9F32}") = "TestSSD", "TestSSD\TestSSD.csdproj", "{E6F8C24F-534F-4402-9587-7D2C4D7134FB}"
	ProjectSection(ProjectDependencies) = postProject
	EndProjectSection
EndProject
Project("{20D4826A-C6FA-45DB-90F4-C717570B9F32}") = "TestCompoundIndex", "TestCompoundIndex\TestCompoundIndex.csdproj", "{A3B0BE2B-67A6-4EA2-A08D-E0C2D4E7D149}"
	ProjectSection(ProjectDependencies) = postProject
	EndProjectSection
EndProject
Project("{20D4826A-C6FA-45DB-90F4-C717570B9F32}") = "TestEnumerator", "TestEnumerator\TestEnumerator.csdproj", "{98403E91-4E83-4B91-AC11-A2DE894A308D}"
	ProjectSection(ProjectDependencies) = postProject
	EndProjectSection
EndProject
Project("{20D4826A-C6FA-45DB-90F4-C717570B9F32}") = "TestTtree", "TestTtree\TestTtree.csdproj", "{C58DE3BC-E59C-4CCF-AAFD-C80610F94F2F}"
	ProjectSection(ProjectDependencies) = postProject
	EndProjectSection
EndProject
Project("{20D4826A-C6FA-45DB-90F4-C717570B9F32}") = "TestBlob", "TestBlob\TestBlob.csdproj", "{9C25DB1A-FD72-4D29-A41C-DDEF453F2515}"
	ProjectSection(ProjectDependencies) = postProject
	EndProjectSection
EndProject
Project("{20D4826A-C6FA-45DB-90F4-C717570B9F32}") = "TestBackup", "TestBackup\TestBackup.csdproj", "{DE272A51-C987-418D-9BFF-169F3C6D1CEE}"
	ProjectSection(ProjectDependencies) = postProject
	EndProjectSection
EndProject
Project("{20D4826A-C6FA-45DB-90F4-C717570B9F32}") = "TestTimeSeries", "TestTimeSeries\TestTimeSeries.csdproj", "{75441689-0B78-4423-A65B-6976CA34F94E}"
	ProjectSection(ProjectDependencies) = postProject
	EndProjectSection
EndProject
Project("{20D4826A-C6FA-45DB-90F4-C717570B9F32}") = "TestSOD", "TestSOD\TestSOD.csdproj", "{6C1DC6D6-9575-483D-8D2D-9133DC6C9350}"
	ProjectSection(ProjectDependencies) = postProject
	EndProjectSection
EndProject
Project("{20D4826A-C6FA-45DB-90F4-C717570B9F32}") = "TestIndex2", "TestIndex2\TestIndex2.csdproj", "{EB559C38-F7F3-45D7-AF1D-73546C5BE457}"
	ProjectSection(ProjectDependencies) = postProject
	EndProjectSection
EndProject
Global
	GlobalSection(SolutionConfiguration) = preSolution
		Debug = Debug
		Release = Release
	EndGlobalSection
	GlobalSection(ProjectConfiguration) = postSolution
		{DEBB572F-D270-433F-AADF-EA80B483BFE8}.Debug.ActiveCfg = Debug|Windows CE
		{DEBB572F-D270-433F-AADF-EA80B483BFE8}.Debug.Build.0 = Debug|Windows CE
		{DEBB572F-D270-433F-AADF-EA80B483BFE8}.Debug.Deploy.0 = Debug|Windows CE
		{DEBB572F-D270-433F-AADF-EA80B483BFE8}.Release.ActiveCfg = Release|Windows CE
		{DEBB572F-D270-433F-AADF-EA80B483BFE8}.Release.Build.0 = Release|Windows CE
		{DEBB572F-D270-433F-AADF-EA80B483BFE8}.Release.Deploy.0 = Release|Windows CE
		{6D340671-DF42-4B44-888D-35F15258685D}.Debug.ActiveCfg = Debug|Windows CE
		{6D340671-DF42-4B44-888D-35F15258685D}.Debug.Build.0 = Debug|Windows CE
		{6D340671-DF42-4B44-888D-35F15258685D}.Debug.Deploy.0 = Debug|Windows CE
		{6D340671-DF42-4B44-888D-35F15258685D}.Release.ActiveCfg = Release|Windows CE
		{6D340671-DF42-4B44-888D-35F15258685D}.Release.Build.0 = Release|Windows CE
		{6D340671-DF42-4B44-888D-35F15258685D}.Release.Deploy.0 = Release|Windows CE
		{6ED3F61C-0E64-43BD-8030-DBC3BA80FB12}.Debug.ActiveCfg = Debug|Windows CE
		{6ED3F61C-0E64-43BD-8030-DBC3BA80FB12}.Debug.Build.0 = Debug|Windows CE
		{6ED3F61C-0E64-43BD-8030-DBC3BA80FB12}.Debug.Deploy.0 = Debug|Windows CE
		{6ED3F61C-0E64-43BD-8030-DBC3BA80FB12}.Release.ActiveCfg = Release|Windows CE
		{6ED3F61C-0E64-43BD-8030-DBC3BA80FB12}.Release.Build.0 = Release|Windows CE
		{6ED3F61C-0E64-43BD-8030-DBC3BA80FB12}.Release.Deploy.0 = Release|Windows CE
		{7D7B2D30-EA1F-4454-BF29-C0934FA605E3}.Debug.ActiveCfg = Debug|Windows CE
		{7D7B2D30-EA1F-4454-BF29-C0934FA605E3}.Debug.Build.0 = Debug|Windows CE
		{7D7B2D30-EA1F-4454-BF29-C0934FA605E3}.Debug.Deploy.0 = Debug|Windows CE
		{7D7B2D30-EA1F-4454-BF29-C0934FA605E3}.Release.ActiveCfg = Release|Windows CE
		{7D7B2D30-EA1F-4454-BF29-C0934FA605E3}.Release.Build.0 = Release|Windows CE
		{7D7B2D30-EA1F-4454-BF29-C0934FA605E3}.Release.Deploy.0 = Release|Windows CE
		{65643720-5963-4B3F-8FB9-3ECDC6057D1E}.Debug.ActiveCfg = Debug|Windows CE
		{65643720-5963-4B3F-8FB9-3ECDC6057D1E}.Debug.Build.0 = Debug|Windows CE
		{65643720-5963-4B3F-8FB9-3ECDC6057D1E}.Debug.Deploy.0 = Debug|Windows CE
		{65643720-5963-4B3F-8FB9-3ECDC6057D1E}.Release.ActiveCfg = Release|Windows CE
		{65643720-5963-4B3F-8FB9-3ECDC6057D1E}.Release.Build.0 = Release|Windows CE
		{65643720-5963-4B3F-8FB9-3ECDC6057D1E}.Release.Deploy.0 = Release|Windows CE
		{AC03BC4A-64DB-40A8-B3BA-B7C6DBBC4060}.Debug.ActiveCfg = Debug|Windows CE
		{AC03BC4A-64DB-40A8-B3BA-B7C6DBBC4060}.Debug.Build.0 = Debug|Windows CE
		{AC03BC4A-64DB-40A8-B3BA-B7C6DBBC4060}.Debug.Deploy.0 = Debug|Windows CE
		{AC03BC4A-64DB-40A8-B3BA-B7C6DBBC4060}.Release.ActiveCfg = Release|Windows CE
		{AC03BC4A-64DB-40A8-B3BA-B7C6DBBC4060}.Release.Build.0 = Release|Windows CE
		{AC03BC4A-64DB-40A8-B3BA-B7C6DBBC4060}.Release.Deploy.0 = Release|Windows CE
		{DFEAF29C-F3BB-4179-89D3-2305E7278206}.Debug.ActiveCfg = Debug|Windows CE
		{DFEAF29C-F3BB-4179-89D3-2305E7278206}.Debug.Build.0 = Debug|Windows CE
		{DFEAF29C-F3BB-4179-89D3-2305E7278206}.Debug.Deploy.0 = Debug|Windows CE
		{DFEAF29C-F3BB-4179-89D3-2305E7278206}.Release.ActiveCfg = Release|Windows CE
		{DFEAF29C-F3BB-4179-89D3-2305E7278206}.Release.Build.0 = Release|Windows CE
		{DFEAF29C-F3BB-4179-89D3-2305E7278206}.Release.Deploy.0 = Release|Windows CE
		{22614263-86CA-46D2-A708-412A5F573871}.Debug.ActiveCfg = Debug|Windows CE
		{22614263-86CA-46D2-A708-412A5F573871}.Debug.Build.0 = Debug|Windows CE
		{22614263-86CA-46D2-A708-412A5F573871}.Debug.Deploy.0 = Debug|Windows CE
		{22614263-86CA-46D2-A708-412A5F573871}.Release.ActiveCfg = Release|Windows CE
		{22614263-86CA-46D2-A708-412A5F573871}.Release.Build.0 = Release|Windows CE
		{22614263-86CA-46D2-A708-412A5F573871}.Release.Deploy.0 = Release|Windows CE
		{E6F8C24F-534F-4402-9587-7D2C4D7134FB}.Debug.ActiveCfg = Debug|Windows CE
		{E6F8C24F-534F-4402-9587-7D2C4D7134FB}.Debug.Build.0 = Debug|Windows CE
		{E6F8C24F-534F-4402-9587-7D2C4D7134FB}.Debug.Deploy.0 = Debug|Windows CE
		{E6F8C24F-534F-4402-9587-7D2C4D7134FB}.Release.ActiveCfg = Release|Windows CE
		{E6F8C24F-534F-4402-9587-7D2C4D7134FB}.Release.Build.0 = Release|Windows CE
		{E6F8C24F-534F-4402-9587-7D2C4D7134FB}.Release.Deploy.0 = Release|Windows CE
		{A3B0BE2B-67A6-4EA2-A08D-E0C2D4E7D149}.Debug.ActiveCfg = Debug|Windows CE
		{A3B0BE2B-67A6-4EA2-A08D-E0C2D4E7D149}.Debug.Build.0 = Debug|Windows CE
		{A3B0BE2B-67A6-4EA2-A08D-E0C2D4E7D149}.Debug.Deploy.0 = Debug|Windows CE
		{A3B0BE2B-67A6-4EA2-A08D-E0C2D4E7D149}.Release.ActiveCfg = Release|Windows CE
		{A3B0BE2B-67A6-4EA2-A08D-E0C2D4E7D149}.Release.Build.0 = Release|Windows CE
		{A3B0BE2B-67A6-4EA2-A08D-E0C2D4E7D149}.Release.Deploy.0 = Release|Windows CE
		{98403E91-4E83-4B91-AC11-A2DE894A308D}.Debug.ActiveCfg = Debug|Windows CE
		{98403E91-4E83-4B91-AC11-A2DE894A308D}.Debug.Build.0 = Debug|Windows CE
		{98403E91-4E83-4B91-AC11-A2DE894A308D}.Debug.Deploy.0 = Debug|Windows CE
		{98403E91-4E83-4B91-AC11-A2DE894A308D}.Release.ActiveCfg = Release|Windows CE
		{98403E91-4E83-4B91-AC11-A2DE894A308D}.Release.Build.0 = Release|Windows CE
		{98403E91-4E83-4B91-AC11-A2DE894A308D}.Release.Deploy.0 = Release|Windows CE
		{C58DE3BC-E59C-4CCF-AAFD-C80610F94F2F}.Debug.ActiveCfg = Debug|Windows CE
		{C58DE3BC-E59C-4CCF-AAFD-C80610F94F2F}.Debug.Build.0 = Debug|Windows CE
		{C58DE3BC-E59C-4CCF-AAFD-C80610F94F2F}.Debug.Deploy.0 = Debug|Windows CE
		{C58DE3BC-E59C-4CCF-AAFD-C80610F94F2F}.Release.ActiveCfg = Release|Windows CE
		{C58DE3BC-E59C-4CCF-AAFD-C80610F94F2F}.Release.Build.0 = Release|Windows CE
		{C58DE3BC-E59C-4CCF-AAFD-C80610F94F2F}.Release.Deploy.0 = Release|Windows CE
		{9C25DB1A-FD72-4D29-A41C-DDEF453F2515}.Debug.ActiveCfg = Debug|Windows CE
		{9C25DB1A-FD72-4D29-A41C-DDEF453F2515}.Debug.Build.0 = Debug|Windows CE
		{9C25DB1A-FD72-4D29-A41C-DDEF453F2515}.Debug.Deploy.0 = Debug|Windows CE
		{9C25DB1A-FD72-4D29-A41C-DDEF453F2515}.Release.ActiveCfg = Release|Windows CE
		{9C25DB1A-FD72-4D29-A41C-DDEF453F2515}.Release.Build.0 = Release|Windows CE
		{9C25DB1A-FD72-4D29-A41C-DDEF453F2515}.Release.Deploy.0 = Release|Windows CE
		{DE272A51-C987-418D-9BFF-169F3C6D1CEE}.Debug.ActiveCfg = Debug|Windows CE
		{DE272A51-C987-418D-9BFF-169F3C6D1CEE}.Debug.Build.0 = Debug|Windows CE
		{DE272A51-C987-418D-9BFF-169F3C6D1CEE}.Debug.Deploy.0 = Debug|Windows CE
		{DE272A51-C987-418D-9BFF-169F3C6D1CEE}.Release.ActiveCfg = Release|Windows CE
		{DE272A51-C987-418D-9BFF-169F3C6D1CEE}.Release.Build.0 = Release|Windows CE
		{DE272A51-C987-418D-9BFF-169F3C6D1CEE}.Release.Deploy.0 = Release|Windows CE
		{75441689-0B78-4423-A65B-6976CA34F94E}.Debug.ActiveCfg = Debug|Windows CE
		{75441689-0B78-4423-A65B-6976CA34F94E}.Debug.Build.0 = Debug|Windows CE
		{75441689-0B78-4423-A65B-6976CA34F94E}.Debug.Deploy.0 = Debug|Windows CE
		{75441689-0B78-4423-A65B-6976CA34F94E}.Release.ActiveCfg = Release|Windows CE
		{75441689-0B78-4423-A65B-6976CA34F94E}.Release.Build.0 = Release|Windows CE
		{75441689-0B78-4423-A65B-6976CA34F94E}.Release.Deploy.0 = Release|Windows CE
		{6C1DC6D6-9575-483D-8D2D-9133DC6C9350}.Debug.ActiveCfg = Debug|Windows CE
		{6C1DC6D6-9575-483D-8D2D-9133DC6C9350}.Debug.Build.0 = Debug|Windows CE
		{6C1DC6D6-9575-483D-8D2D-9133DC6C9350}.Debug.Deploy.0 = Debug|Windows CE
		{6C1DC6D6-9575-483D-8D2D-9133DC6C9350}.Release.ActiveCfg = Release|Windows CE
		{6C1DC6D6-9575-483D-8D2D-9133DC6C9350}.Release.Build.0 = Release|Windows CE
		{6C1DC6D6-9575-483D-8D2D-9133DC6C9350}.Release.Deploy.0 = Release|Windows CE
		{EB559C38-F7F3-45D7-AF1D-73546C5BE457}.Debug.ActiveCfg = Debug|Windows CE
		{EB559C38-F7F3-45D7-AF1D-73546C5BE457}.Debug.Build.0 = Debug|Windows CE
		{EB559C38-F7F3-45D7-AF1D-73546C5BE457}.Debug.Deploy.0 = Debug|Windows CE
		{EB559C38-F7F3-45D7-AF1D-73546C5BE457}.Release.ActiveCfg = Release|Windows CE
		{EB559C38-F7F3-45D7-AF1D-73546C5BE457}.Release.Build.0 = Release|Windows CE
		{EB559C38-F7F3-45D7-AF1D-73546C5BE457}.Release.Deploy.0 = Release|Windows CE
	EndGlobalSection
	GlobalSection(ExtensibilityGlobals) = postSolution
	EndGlobalSection
	GlobalSection(ExtensibilityAddIns) = postSolution
	EndGlobalSection
EndGlobal
