Microsoft Visual Studio Solution File, Format Version 11.00
# Visual Studio 2010
Project("{FAE04EC0-301F-11D3-BF4B-00C04F79EFBC}") = "Volante", "Volante.csproj", "{1FF2E6AE-B540-4EA9-BD18-5F077EE61291}"
EndProject
Project("{FAE04EC0-301F-11D3-BF4B-00C04F79EFBC}") = "Tests", "tests\Tests\Tests.csproj", "{964D66AF-CDBD-406D-9C8C-1E53C4D0CD12}"
EndProject
Project("{FAE04EC0-301F-11D3-BF4B-00C04F79EFBC}") = "CopyDocs", "tools\CopyDocs\CopyDocs.csproj", "{D88DD6FB-8C58-4239-8F6B-5618C180C383}"
	ProjectSection(ProjectDependencies) = postProject
		{1FF2E6AE-B540-4EA9-BD18-5F077EE61291} = {1FF2E6AE-B540-4EA9-BD18-5F077EE61291}
	EndProjectSection
EndProject
Global
	GlobalSection(SolutionConfigurationPlatforms) = preSolution
		Debug|Any CPU = Debug|Any CPU
		Debug|Mixed Platforms = Debug|Mixed Platforms
		Debug|x86 = Debug|x86
		DebugFull|Any CPU = DebugFull|Any CPU
		DebugFull|Mixed Platforms = DebugFull|Mixed Platforms
		DebugFull|x86 = DebugFull|x86
		Release|Any CPU = Release|Any CPU
		Release|Mixed Platforms = Release|Mixed Platforms
		Release|x86 = Release|x86
		ReleaseFull|Any CPU = ReleaseFull|Any CPU
		ReleaseFull|Mixed Platforms = ReleaseFull|Mixed Platforms
		ReleaseFull|x86 = ReleaseFull|x86
	EndGlobalSection
	GlobalSection(ProjectConfigurationPlatforms) = postSolution
		{1FF2E6AE-B540-4EA9-BD18-5F077EE61291}.Debug|Any CPU.ActiveCfg = Debug|Any CPU
		{1FF2E6AE-B540-4EA9-BD18-5F077EE61291}.Debug|Any CPU.Build.0 = Debug|Any CPU
		{1FF2E6AE-B540-4EA9-BD18-5F077EE61291}.Debug|Mixed Platforms.ActiveCfg = Debug|Any CPU
		{1FF2E6AE-B540-4EA9-BD18-5F077EE61291}.Debug|Mixed Platforms.Build.0 = Debug|Any CPU
		{1FF2E6AE-B540-4EA9-BD18-5F077EE61291}.Debug|x86.ActiveCfg = Debug|Any CPU
		{1FF2E6AE-B540-4EA9-BD18-5F077EE61291}.DebugFull|Any CPU.ActiveCfg = DebugFull|Any CPU
		{1FF2E6AE-B540-4EA9-BD18-5F077EE61291}.DebugFull|Any CPU.Build.0 = DebugFull|Any CPU
		{1FF2E6AE-B540-4EA9-BD18-5F077EE61291}.DebugFull|Mixed Platforms.ActiveCfg = DebugFull|Any CPU
		{1FF2E6AE-B540-4EA9-BD18-5F077EE61291}.DebugFull|Mixed Platforms.Build.0 = DebugFull|Any CPU
		{1FF2E6AE-B540-4EA9-BD18-5F077EE61291}.DebugFull|x86.ActiveCfg = DebugFull|Any CPU
		{1FF2E6AE-B540-4EA9-BD18-5F077EE61291}.Release|Any CPU.ActiveCfg = Release|Any CPU
		{1FF2E6AE-B540-4EA9-BD18-5F077EE61291}.Release|Any CPU.Build.0 = Release|Any CPU
		{1FF2E6AE-B540-4EA9-BD18-5F077EE61291}.Release|Mixed Platforms.ActiveCfg = Release|Any CPU
		{1FF2E6AE-B540-4EA9-BD18-5F077EE61291}.Release|Mixed Platforms.Build.0 = Release|Any CPU
		{1FF2E6AE-B540-4EA9-BD18-5F077EE61291}.Release|x86.ActiveCfg = Release|Any CPU
		{1FF2E6AE-B540-4EA9-BD18-5F077EE61291}.ReleaseFull|Any CPU.ActiveCfg = ReleaseFull|Any CPU
		{1FF2E6AE-B540-4EA9-BD18-5F077EE61291}.ReleaseFull|Any CPU.Build.0 = ReleaseFull|Any CPU
		{1FF2E6AE-B540-4EA9-BD18-5F077EE61291}.ReleaseFull|Mixed Platforms.ActiveCfg = ReleaseFull|Any CPU
		{1FF2E6AE-B540-4EA9-BD18-5F077EE61291}.ReleaseFull|Mixed Platforms.Build.0 = ReleaseFull|Any CPU
		{1FF2E6AE-B540-4EA9-BD18-5F077EE61291}.ReleaseFull|x86.ActiveCfg = ReleaseFull|Any CPU
		{964D66AF-CDBD-406D-9C8C-1E53C4D0CD12}.Debug|Any CPU.ActiveCfg = Debug|Any CPU
		{964D66AF-CDBD-406D-9C8C-1E53C4D0CD12}.Debug|Any CPU.Build.0 = Debug|Any CPU
		{964D66AF-CDBD-406D-9C8C-1E53C4D0CD12}.Debug|Mixed Platforms.ActiveCfg = Debug|Any CPU
		{964D66AF-CDBD-406D-9C8C-1E53C4D0CD12}.Debug|Mixed Platforms.Build.0 = Debug|Any CPU
		{964D66AF-CDBD-406D-9C8C-1E53C4D0CD12}.Debug|x86.ActiveCfg = Debug|Any CPU
		{964D66AF-CDBD-406D-9C8C-1E53C4D0CD12}.DebugFull|Any CPU.ActiveCfg = DebugFull|Any CPU
		{964D66AF-CDBD-406D-9C8C-1E53C4D0CD12}.DebugFull|Any CPU.Build.0 = DebugFull|Any CPU
		{964D66AF-CDBD-406D-9C8C-1E53C4D0CD12}.DebugFull|Mixed Platforms.ActiveCfg = DebugFull|Any CPU
		{964D66AF-CDBD-406D-9C8C-1E53C4D0CD12}.DebugFull|Mixed Platforms.Build.0 = DebugFull|Any CPU
		{964D66AF-CDBD-406D-9C8C-1E53C4D0CD12}.DebugFull|x86.ActiveCfg = DebugFull|Any CPU
		{964D66AF-CDBD-406D-9C8C-1E53C4D0CD12}.Release|Any CPU.ActiveCfg = Release|Any CPU
		{964D66AF-CDBD-406D-9C8C-1E53C4D0CD12}.Release|Any CPU.Build.0 = Release|Any CPU
		{964D66AF-CDBD-406D-9C8C-1E53C4D0CD12}.Release|Mixed Platforms.ActiveCfg = Release|Any CPU
		{964D66AF-CDBD-406D-9C8C-1E53C4D0CD12}.Release|Mixed Platforms.Build.0 = Release|Any CPU
		{964D66AF-CDBD-406D-9C8C-1E53C4D0CD12}.Release|x86.ActiveCfg = Release|Any CPU
		{964D66AF-CDBD-406D-9C8C-1E53C4D0CD12}.ReleaseFull|Any CPU.ActiveCfg = ReleaseFull|Any CPU
		{964D66AF-CDBD-406D-9C8C-1E53C4D0CD12}.ReleaseFull|Any CPU.Build.0 = ReleaseFull|Any CPU
		{964D66AF-CDBD-406D-9C8C-1E53C4D0CD12}.ReleaseFull|Mixed Platforms.ActiveCfg = ReleaseFull|Any CPU
		{964D66AF-CDBD-406D-9C8C-1E53C4D0CD12}.ReleaseFull|Mixed Platforms.Build.0 = ReleaseFull|Any CPU
		{964D66AF-CDBD-406D-9C8C-1E53C4D0CD12}.ReleaseFull|x86.ActiveCfg = ReleaseFull|Any CPU
		{D88DD6FB-8C58-4239-8F6B-5618C180C383}.Debug|Any CPU.ActiveCfg = Debug|Any CPU
		{D88DD6FB-8C58-4239-8F6B-5618C180C383}.Debug|Any CPU.Build.0 = Debug|Any CPU
		{D88DD6FB-8C58-4239-8F6B-5618C180C383}.Debug|Mixed Platforms.ActiveCfg = Debug|x86
		{D88DD6FB-8C58-4239-8F6B-5618C180C383}.Debug|Mixed Platforms.Build.0 = Debug|x86
		{D88DD6FB-8C58-4239-8F6B-5618C180C383}.Debug|x86.ActiveCfg = Debug|x86
		{D88DD6FB-8C58-4239-8F6B-5618C180C383}.Debug|x86.Build.0 = Debug|x86
		{D88DD6FB-8C58-4239-8F6B-5618C180C383}.DebugFull|Any CPU.ActiveCfg = Debug|Any CPU
		{D88DD6FB-8C58-4239-8F6B-5618C180C383}.DebugFull|Any CPU.Build.0 = Debug|Any CPU
		{D88DD6FB-8C58-4239-8F6B-5618C180C383}.DebugFull|Mixed Platforms.ActiveCfg = Debug|x86
		{D88DD6FB-8C58-4239-8F6B-5618C180C383}.DebugFull|Mixed Platforms.Build.0 = Debug|x86
		{D88DD6FB-8C58-4239-8F6B-5618C180C383}.DebugFull|x86.ActiveCfg = Debug|x86
		{D88DD6FB-8C58-4239-8F6B-5618C180C383}.DebugFull|x86.Build.0 = Debug|x86
		{D88DD6FB-8C58-4239-8F6B-5618C180C383}.Release|Any CPU.ActiveCfg = Release|Any CPU
		{D88DD6FB-8C58-4239-8F6B-5618C180C383}.Release|Any CPU.Build.0 = Release|Any CPU
		{D88DD6FB-8C58-4239-8F6B-5618C180C383}.Release|Mixed Platforms.ActiveCfg = Release|x86
		{D88DD6FB-8C58-4239-8F6B-5618C180C383}.Release|Mixed Platforms.Build.0 = Release|x86
		{D88DD6FB-8C58-4239-8F6B-5618C180C383}.Release|x86.ActiveCfg = Release|x86
		{D88DD6FB-8C58-4239-8F6B-5618C180C383}.Release|x86.Build.0 = Release|x86
		{D88DD6FB-8C58-4239-8F6B-5618C180C383}.ReleaseFull|Any CPU.ActiveCfg = Release|Any CPU
		{D88DD6FB-8C58-4239-8F6B-5618C180C383}.ReleaseFull|Any CPU.Build.0 = Release|Any CPU
		{D88DD6FB-8C58-4239-8F6B-5618C180C383}.ReleaseFull|Mixed Platforms.ActiveCfg = Release|x86
		{D88DD6FB-8C58-4239-8F6B-5618C180C383}.ReleaseFull|Mixed Platforms.Build.0 = Release|x86
		{D88DD6FB-8C58-4239-8F6B-5618C180C383}.ReleaseFull|x86.ActiveCfg = Release|x86
		{D88DD6FB-8C58-4239-8F6B-5618C180C383}.ReleaseFull|x86.Build.0 = Release|x86
	EndGlobalSection
	GlobalSection(SolutionProperties) = preSolution
		HideSolutionNode = FALSE
	EndGlobalSection
EndGlobal
